
Microsoft Visual Studio Solution File, Format Version 12.00
# Visual Studio 15
VisualStudioVersion = 15.0.28307.102
MinimumVisualStudioVersion = 10.0.40219.1
Project("{9A19103F-16F7-4668-BE54-9A1E7A4F7556}") = "MyShop.FrontEnd", "MyShop.FrontEnd\MyShop.FrontEnd.csproj", "{9C1A876D-00E8-4170-8775-18044C40960F}"
EndProject
Project("{FAE04EC0-301F-11D3-BF4B-00C04F79EFBC}") = "MyShop.Api", "MyShop.Api\MyShop.Api.csproj", "{ADE6CB81-BC37-40EB-9811-634150E8C51D}"
EndProject
Global
	GlobalSection(SolutionConfigurationPlatforms) = preSolution
		Debug|Any CPU = Debug|Any CPU
		Release|Any CPU = Release|Any CPU
	EndGlobalSection
	GlobalSection(ProjectConfigurationPlatforms) = postSolution
		{9C1A876D-00E8-4170-8775-18044C40960F}.Debug|Any CPU.ActiveCfg = Debug|Any CPU
		{9C1A876D-00E8-4170-8775-18044C40960F}.Debug|Any CPU.Build.0 = Debug|Any CPU
		{9C1A876D-00E8-4170-8775-18044C40960F}.Release|Any CPU.ActiveCfg = Release|Any CPU
		{9C1A876D-00E8-4170-8775-18044C40960F}.Release|Any CPU.Build.0 = Release|Any CPU
		{ADE6CB81-BC37-40EB-9811-634150E8C51D}.Debug|Any CPU.ActiveCfg = Debug|Any CPU
		{ADE6CB81-BC37-40EB-9811-634150E8C51D}.Debug|Any CPU.Build.0 = Debug|Any CPU
		{ADE6CB81-BC37-40EB-9811-634150E8C51D}.Release|Any CPU.ActiveCfg = Release|Any CPU
		{ADE6CB81-BC37-40EB-9811-634150E8C51D}.Release|Any CPU.Build.0 = Release|Any CPU
	EndGlobalSection
	GlobalSection(SolutionProperties) = preSolution
		HideSolutionNode = FALSE
	EndGlobalSection
	GlobalSection(ExtensibilityGlobals) = postSolution
		SolutionGuid = {39E1D704-C4EA-444A-A3C9-A39C2C554C0E}
	EndGlobalSection
EndGlobal
